// !$*UTF8*$!
{
	archiveVersion = 1;
	classes = {
	};
	objectVersion = 56;
	objects = {

/* Begin PBXBuildFile section */
		6C270EE131D53489DA12FB3A /* InitialLayout.swift in Sources */ = {isa = PBXBuildFile; fileRef = C4F8CD21AC6ADFD6C9153CEB /* InitialLayout.swift */; };
		A838802C2AD3DB3600C4FB77 /* CustomMenu.swift in Sources */ = {isa = PBXBuildFile; fileRef = A838802B2AD3DB3600C4FB77 /* CustomMenu.swift */; };
		A838802E2AD3DC3200C4FB77 /* AnimationOverlay.swift in Sources */ = {isa = PBXBuildFile; fileRef = A838802D2AD3DC3200C4FB77 /* AnimationOverlay.swift */; };
		A83880312AD3E70200C4FB77 /* NewShoppingTripSheet.swift in Sources */ = {isa = PBXBuildFile; fileRef = A83880302AD3E70200C4FB77 /* NewShoppingTripSheet.swift */; };
		A83880332AD3E70F00C4FB77 /* NewOtherEventSheet.swift in Sources */ = {isa = PBXBuildFile; fileRef = A83880322AD3E70F00C4FB77 /* NewOtherEventSheet.swift */; };
		A83880352AD3E73900C4FB77 /* MealFromArchiveSheet.swift in Sources */ = {isa = PBXBuildFile; fileRef = A83880342AD3E73900C4FB77 /* MealFromArchiveSheet.swift */; };
		A838803E2AD4C77E00C4FB77 /* EventCore+CoreDataClass.swift in Sources */ = {isa = PBXBuildFile; fileRef = A838803A2AD4C77E00C4FB77 /* EventCore+CoreDataClass.swift */; };
		A838803F2AD4C77E00C4FB77 /* EventCore+CoreDataProperties.swift in Sources */ = {isa = PBXBuildFile; fileRef = A838803B2AD4C77E00C4FB77 /* EventCore+CoreDataProperties.swift */; };
		A83880402AD4C77E00C4FB77 /* ShoppingItemCore+CoreDataClass.swift in Sources */ = {isa = PBXBuildFile; fileRef = A838803C2AD4C77E00C4FB77 /* ShoppingItemCore+CoreDataClass.swift */; };
		A83880412AD4C77E00C4FB77 /* ShoppingItemCore+CoreDataProperties.swift in Sources */ = {isa = PBXBuildFile; fileRef = A838803D2AD4C77E00C4FB77 /* ShoppingItemCore+CoreDataProperties.swift */; };
		A83AC4FD2ADABC1E00FB50C6 /* DropEventZone.swift in Sources */ = {isa = PBXBuildFile; fileRef = A83AC4FC2ADABC1E00FB50C6 /* DropEventZone.swift */; };
		A83AC4FF2ADB57D800FB50C6 /* SpoonacularAPI-Info.plist in Resources */ = {isa = PBXBuildFile; fileRef = A83AC4FE2ADB57D800FB50C6 /* SpoonacularAPI-Info.plist */; };
		A83AC5242ADB5C6700FB50C6 /* WidgetKit.framework in Frameworks */ = {isa = PBXBuildFile; fileRef = A83AC5072ADB5C2900FB50C6 /* WidgetKit.framework */; };
		A83AC5252ADB5C6700FB50C6 /* SwiftUI.framework in Frameworks */ = {isa = PBXBuildFile; fileRef = A83AC5092ADB5C2900FB50C6 /* SwiftUI.framework */; };
		A83AC5282ADB5C6700FB50C6 /* a2_s3407778_widgetBundle.swift in Sources */ = {isa = PBXBuildFile; fileRef = A83AC5272ADB5C6700FB50C6 /* a2_s3407778_widgetBundle.swift */; };
		A83AC52A2ADB5C6700FB50C6 /* a2_s3407778_widgetLiveActivity.swift in Sources */ = {isa = PBXBuildFile; fileRef = A83AC5292ADB5C6700FB50C6 /* a2_s3407778_widgetLiveActivity.swift */; };
		A83AC52C2ADB5C6700FB50C6 /* a2_s3407778_widget.swift in Sources */ = {isa = PBXBuildFile; fileRef = A83AC52B2ADB5C6700FB50C6 /* a2_s3407778_widget.swift */; };
		A83AC52F2ADB5C6900FB50C6 /* Assets.xcassets in Resources */ = {isa = PBXBuildFile; fileRef = A83AC52E2ADB5C6900FB50C6 /* Assets.xcassets */; };
		A83AC5312ADB5C6900FB50C6 /* a2_s3407778_widget.intentdefinition in Sources */ = {isa = PBXBuildFile; fileRef = A83AC52D2ADB5C6700FB50C6 /* a2_s3407778_widget.intentdefinition */; };
		A83AC5322ADB5C6900FB50C6 /* a2_s3407778_widget.intentdefinition in Sources */ = {isa = PBXBuildFile; fileRef = A83AC52D2ADB5C6700FB50C6 /* a2_s3407778_widget.intentdefinition */; };
		A83AC5352ADB5C6900FB50C6 /* a2-s3407778-widgetExtension.appex in Embed Foundation Extensions */ = {isa = PBXBuildFile; fileRef = A83AC5232ADB5C6700FB50C6 /* a2-s3407778-widgetExtension.appex */; settings = {ATTRIBUTES = (RemoveHeadersOnCopy, ); }; };
		A841AF4B2A89CC3200EE109B /* ShoppingView.swift in Sources */ = {isa = PBXBuildFile; fileRef = A841AF4A2A89CC3200EE109B /* ShoppingView.swift */; };
		A87F08B52AD93193003D76F5 /* ButtonPressAction.swift in Sources */ = {isa = PBXBuildFile; fileRef = A87F08B42AD93193003D76F5 /* ButtonPressAction.swift */; };
		A8A03AFD2A91E5A2003EF9B9 /* NewFoodView.swift in Sources */ = {isa = PBXBuildFile; fileRef = A8A03AFC2A91E5A2003EF9B9 /* NewFoodView.swift */; };
		A8A03B002A930336003EF9B9 /* SwiftUIReorderableForEach in Frameworks */ = {isa = PBXBuildFile; productRef = A8A03AFF2A930336003EF9B9 /* SwiftUIReorderableForEach */; };
		A8A03B032A93054B003EF9B9 /* WeekEventCard.swift in Sources */ = {isa = PBXBuildFile; fileRef = A8A03B022A93054B003EF9B9 /* WeekEventCard.swift */; };
		A8A03B052A930575003EF9B9 /* PlusButton.swift in Sources */ = {isa = PBXBuildFile; fileRef = A8A03B042A930575003EF9B9 /* PlusButton.swift */; };
		A8A03B072A9305AC003EF9B9 /* WeekDayEntry.swift in Sources */ = {isa = PBXBuildFile; fileRef = A8A03B062A9305AC003EF9B9 /* WeekDayEntry.swift */; };
		A8A03B0D2A9307CE003EF9B9 /* NewMealSheet.swift in Sources */ = {isa = PBXBuildFile; fileRef = A8A03B0C2A9307CE003EF9B9 /* NewMealSheet.swift */; };
		A8C6F4712A8EF88300ACC6C4 /* WeekPlannerView.swift in Sources */ = {isa = PBXBuildFile; fileRef = A8C6F4702A8EF88300ACC6C4 /* WeekPlannerView.swift */; };
		A8C6F4772A8F0E6500ACC6C4 /* EditFoodView.swift in Sources */ = {isa = PBXBuildFile; fileRef = A8C6F4762A8F0E6500ACC6C4 /* EditFoodView.swift */; };
		A8C6F4792A8F143E00ACC6C4 /* SearchFoodView.swift in Sources */ = {isa = PBXBuildFile; fileRef = A8C6F4782A8F143E00ACC6C4 /* SearchFoodView.swift */; };
		A8D446E22A9B13DF00F77403 /* Bubble.swift in Sources */ = {isa = PBXBuildFile; fileRef = A8D446E12A9B13DF00F77403 /* Bubble.swift */; };
		CD17457F2A80D0DA00294186 /* a1s3407778App.swift in Sources */ = {isa = PBXBuildFile; fileRef = CD17457E2A80D0DA00294186 /* a1s3407778App.swift */; };
		CD1745812A80D0DA00294186 /* ContentView.swift in Sources */ = {isa = PBXBuildFile; fileRef = CD1745802A80D0DA00294186 /* ContentView.swift */; };
		CD1745832A80D0DB00294186 /* Assets.xcassets in Resources */ = {isa = PBXBuildFile; fileRef = CD1745822A80D0DB00294186 /* Assets.xcassets */; };
		CD1745862A80D0DB00294186 /* Preview Assets.xcassets in Resources */ = {isa = PBXBuildFile; fileRef = CD1745852A80D0DB00294186 /* Preview Assets.xcassets */; };
		CD202AC02AC2B4F000425AC0 /* Persistence.swift in Sources */ = {isa = PBXBuildFile; fileRef = CD202ABF2AC2B4F000425AC0 /* Persistence.swift */; };
		CD6ED8EF2A8A458B00FD6A25 /* DayView.swift in Sources */ = {isa = PBXBuildFile; fileRef = CD6ED8EE2A8A458A00FD6A25 /* DayView.swift */; };
		CD71A2A02ACA99C500E0F09E /* Algorithms in Frameworks */ = {isa = PBXBuildFile; productRef = 74140E67286313DAF1079CDF /* Algorithms */; };
		CD71A2A82ACAD60F00E0F09E /* DateObservableObject.swift in Sources */ = {isa = PBXBuildFile; fileRef = CD71A2A72ACAD60F00E0F09E /* DateObservableObject.swift */; };
		CD7B34B82AD3F2180060B4BB /* ENUMs.swift in Sources */ = {isa = PBXBuildFile; fileRef = CD7B34B72AD3F2180060B4BB /* ENUMs.swift */; };
		CD8067DA2AC1B0AB00A1ECC5 /* DateFunctions.swift in Sources */ = {isa = PBXBuildFile; fileRef = CD8067D92AC1B0AB00A1ECC5 /* DateFunctions.swift */; };
		CD96433A2ABBF26200A1D990 /* Main.xcdatamodeld in Sources */ = {isa = PBXBuildFile; fileRef = CD9643382ABBF26200A1D990 /* Main.xcdatamodeld */; };
		CD96433C2ABBF85400A1D990 /* DataControllerCoreData.swift in Sources */ = {isa = PBXBuildFile; fileRef = CD96433B2ABBF85400A1D990 /* DataControllerCoreData.swift */; };
		CD96433E2ABC129000A1D990 /* DayEventTile.swift in Sources */ = {isa = PBXBuildFile; fileRef = CD96433D2ABC129000A1D990 /* DayEventTile.swift */; };
		CDB6BC7F2A8F3654009A05F7 /* CustomDatePicker.swift in Sources */ = {isa = PBXBuildFile; fileRef = CDB6BC7E2A8F3654009A05F7 /* CustomDatePicker.swift */; };
		CDB723442A98E03400876D79 /* RadialLayout.swift in Sources */ = {isa = PBXBuildFile; fileRef = CDB723432A98E03400876D79 /* RadialLayout.swift */; };
		CDCB4CD72AC3948C006F1F05 /* DayFilteredList.swift in Sources */ = {isa = PBXBuildFile; fileRef = CDCB4CD62AC3948C006F1F05 /* DayFilteredList.swift */; };
/* End PBXBuildFile section */

/* Begin PBXContainerItemProxy section */
		A83AC5332ADB5C6900FB50C6 /* PBXContainerItemProxy */ = {
			isa = PBXContainerItemProxy;
			containerPortal = CD1745732A80D0DA00294186 /* Project object */;
			proxyType = 1;
			remoteGlobalIDString = A83AC5222ADB5C6700FB50C6;
			remoteInfo = "a2-s3407778-widgetExtension";
		};
/* End PBXContainerItemProxy section */

/* Begin PBXCopyFilesBuildPhase section */
		A83AC51E2ADB5C2B00FB50C6 /* Embed Foundation Extensions */ = {
			isa = PBXCopyFilesBuildPhase;
			buildActionMask = 2147483647;
			dstPath = "";
			dstSubfolderSpec = 13;
			files = (
				A83AC5352ADB5C6900FB50C6 /* a2-s3407778-widgetExtension.appex in Embed Foundation Extensions */,
			);
			name = "Embed Foundation Extensions";
			runOnlyForDeploymentPostprocessing = 0;
		};
/* End PBXCopyFilesBuildPhase section */

/* Begin PBXFileReference section */
		A838802B2AD3DB3600C4FB77 /* CustomMenu.swift */ = {isa = PBXFileReference; lastKnownFileType = sourcecode.swift; path = CustomMenu.swift; sourceTree = "<group>"; };
		A838802D2AD3DC3200C4FB77 /* AnimationOverlay.swift */ = {isa = PBXFileReference; lastKnownFileType = sourcecode.swift; path = AnimationOverlay.swift; sourceTree = "<group>"; };
		A83880302AD3E70200C4FB77 /* NewShoppingTripSheet.swift */ = {isa = PBXFileReference; lastKnownFileType = sourcecode.swift; path = NewShoppingTripSheet.swift; sourceTree = "<group>"; };
		A83880322AD3E70F00C4FB77 /* NewOtherEventSheet.swift */ = {isa = PBXFileReference; lastKnownFileType = sourcecode.swift; path = NewOtherEventSheet.swift; sourceTree = "<group>"; };
		A83880342AD3E73900C4FB77 /* MealFromArchiveSheet.swift */ = {isa = PBXFileReference; lastKnownFileType = sourcecode.swift; path = MealFromArchiveSheet.swift; sourceTree = "<group>"; };
		A838803A2AD4C77E00C4FB77 /* EventCore+CoreDataClass.swift */ = {isa = PBXFileReference; lastKnownFileType = sourcecode.swift; path = "EventCore+CoreDataClass.swift"; sourceTree = "<group>"; };
		A838803B2AD4C77E00C4FB77 /* EventCore+CoreDataProperties.swift */ = {isa = PBXFileReference; lastKnownFileType = sourcecode.swift; path = "EventCore+CoreDataProperties.swift"; sourceTree = "<group>"; };
		A838803C2AD4C77E00C4FB77 /* ShoppingItemCore+CoreDataClass.swift */ = {isa = PBXFileReference; lastKnownFileType = sourcecode.swift; path = "ShoppingItemCore+CoreDataClass.swift"; sourceTree = "<group>"; };
		A838803D2AD4C77E00C4FB77 /* ShoppingItemCore+CoreDataProperties.swift */ = {isa = PBXFileReference; lastKnownFileType = sourcecode.swift; path = "ShoppingItemCore+CoreDataProperties.swift"; sourceTree = "<group>"; };
		A83AC4FC2ADABC1E00FB50C6 /* DropEventZone.swift */ = {isa = PBXFileReference; lastKnownFileType = sourcecode.swift; path = DropEventZone.swift; sourceTree = "<group>"; };
		A83AC4FE2ADB57D800FB50C6 /* SpoonacularAPI-Info.plist */ = {isa = PBXFileReference; lastKnownFileType = text.plist.xml; path = "SpoonacularAPI-Info.plist"; sourceTree = "<group>"; };
		A83AC5072ADB5C2900FB50C6 /* WidgetKit.framework */ = {isa = PBXFileReference; lastKnownFileType = wrapper.framework; name = WidgetKit.framework; path = System/Library/Frameworks/WidgetKit.framework; sourceTree = SDKROOT; };
		A83AC5092ADB5C2900FB50C6 /* SwiftUI.framework */ = {isa = PBXFileReference; lastKnownFileType = wrapper.framework; name = SwiftUI.framework; path = System/Library/Frameworks/SwiftUI.framework; sourceTree = SDKROOT; };
		A83AC5232ADB5C6700FB50C6 /* a2-s3407778-widgetExtension.appex */ = {isa = PBXFileReference; explicitFileType = "wrapper.app-extension"; includeInIndex = 0; path = "a2-s3407778-widgetExtension.appex"; sourceTree = BUILT_PRODUCTS_DIR; };
		A83AC5272ADB5C6700FB50C6 /* a2_s3407778_widgetBundle.swift */ = {isa = PBXFileReference; lastKnownFileType = sourcecode.swift; path = a2_s3407778_widgetBundle.swift; sourceTree = "<group>"; };
		A83AC5292ADB5C6700FB50C6 /* a2_s3407778_widgetLiveActivity.swift */ = {isa = PBXFileReference; lastKnownFileType = sourcecode.swift; path = a2_s3407778_widgetLiveActivity.swift; sourceTree = "<group>"; };
		A83AC52B2ADB5C6700FB50C6 /* a2_s3407778_widget.swift */ = {isa = PBXFileReference; lastKnownFileType = sourcecode.swift; path = a2_s3407778_widget.swift; sourceTree = "<group>"; };
		A83AC52D2ADB5C6700FB50C6 /* a2_s3407778_widget.intentdefinition */ = {isa = PBXFileReference; lastKnownFileType = file.intentdefinition; path = a2_s3407778_widget.intentdefinition; sourceTree = "<group>"; };
		A83AC52E2ADB5C6900FB50C6 /* Assets.xcassets */ = {isa = PBXFileReference; lastKnownFileType = folder.assetcatalog; path = Assets.xcassets; sourceTree = "<group>"; };
		A83AC5302ADB5C6900FB50C6 /* Info.plist */ = {isa = PBXFileReference; lastKnownFileType = text.plist.xml; path = Info.plist; sourceTree = "<group>"; };
		A841AF4A2A89CC3200EE109B /* ShoppingView.swift */ = {isa = PBXFileReference; lastKnownFileType = sourcecode.swift; path = ShoppingView.swift; sourceTree = "<group>"; };
		A87F08B42AD93193003D76F5 /* ButtonPressAction.swift */ = {isa = PBXFileReference; lastKnownFileType = sourcecode.swift; path = ButtonPressAction.swift; sourceTree = "<group>"; };
		A887FC8F2ADB7D58001B58BE /* a2-s3407778.entitlements */ = {isa = PBXFileReference; lastKnownFileType = text.plist.entitlements; path = "a2-s3407778.entitlements"; sourceTree = "<group>"; };
		A887FC902ADB7DA5001B58BE /* a2-s3407778-widgetExtension.entitlements */ = {isa = PBXFileReference; lastKnownFileType = text.plist.entitlements; path = "a2-s3407778-widgetExtension.entitlements"; sourceTree = "<group>"; };
		A8A03AFC2A91E5A2003EF9B9 /* NewFoodView.swift */ = {isa = PBXFileReference; lastKnownFileType = sourcecode.swift; path = NewFoodView.swift; sourceTree = "<group>"; };
		A8A03B022A93054B003EF9B9 /* WeekEventCard.swift */ = {isa = PBXFileReference; lastKnownFileType = sourcecode.swift; path = WeekEventCard.swift; sourceTree = "<group>"; };
		A8A03B042A930575003EF9B9 /* PlusButton.swift */ = {isa = PBXFileReference; lastKnownFileType = sourcecode.swift; path = PlusButton.swift; sourceTree = "<group>"; };
		A8A03B062A9305AC003EF9B9 /* WeekDayEntry.swift */ = {isa = PBXFileReference; lastKnownFileType = sourcecode.swift; path = WeekDayEntry.swift; sourceTree = "<group>"; };
		A8A03B0C2A9307CE003EF9B9 /* NewMealSheet.swift */ = {isa = PBXFileReference; lastKnownFileType = sourcecode.swift; path = NewMealSheet.swift; sourceTree = "<group>"; };
		A8C6F4702A8EF88300ACC6C4 /* WeekPlannerView.swift */ = {isa = PBXFileReference; lastKnownFileType = sourcecode.swift; path = WeekPlannerView.swift; sourceTree = "<group>"; };
		A8C6F4762A8F0E6500ACC6C4 /* EditFoodView.swift */ = {isa = PBXFileReference; lastKnownFileType = sourcecode.swift; path = EditFoodView.swift; sourceTree = "<group>"; };
		A8C6F4782A8F143E00ACC6C4 /* SearchFoodView.swift */ = {isa = PBXFileReference; lastKnownFileType = sourcecode.swift; path = SearchFoodView.swift; sourceTree = "<group>"; };
		A8D446E12A9B13DF00F77403 /* Bubble.swift */ = {isa = PBXFileReference; lastKnownFileType = sourcecode.swift; path = Bubble.swift; sourceTree = "<group>"; };
		C4F8CD21AC6ADFD6C9153CEB /* InitialLayout.swift */ = {isa = PBXFileReference; lastKnownFileType = sourcecode.swift; path = InitialLayout.swift; sourceTree = "<group>"; };
		CD17457B2A80D0DA00294186 /* a2-s3407778.app */ = {isa = PBXFileReference; explicitFileType = wrapper.application; includeInIndex = 0; path = "a2-s3407778.app"; sourceTree = BUILT_PRODUCTS_DIR; };
		CD17457E2A80D0DA00294186 /* a1s3407778App.swift */ = {isa = PBXFileReference; lastKnownFileType = sourcecode.swift; path = a1s3407778App.swift; sourceTree = "<group>"; };
		CD1745802A80D0DA00294186 /* ContentView.swift */ = {isa = PBXFileReference; lastKnownFileType = sourcecode.swift; path = ContentView.swift; sourceTree = "<group>"; };
		CD1745822A80D0DB00294186 /* Assets.xcassets */ = {isa = PBXFileReference; lastKnownFileType = folder.assetcatalog; path = Assets.xcassets; sourceTree = "<group>"; };
		CD1745852A80D0DB00294186 /* Preview Assets.xcassets */ = {isa = PBXFileReference; lastKnownFileType = folder.assetcatalog; path = "Preview Assets.xcassets"; sourceTree = "<group>"; };
		CD202ABF2AC2B4F000425AC0 /* Persistence.swift */ = {isa = PBXFileReference; lastKnownFileType = sourcecode.swift; path = Persistence.swift; sourceTree = "<group>"; };
		CD31540F2A974D1800CE461F /* Info.plist */ = {isa = PBXFileReference; lastKnownFileType = text.plist; path = Info.plist; sourceTree = "<group>"; };
		CD6ED8EE2A8A458A00FD6A25 /* DayView.swift */ = {isa = PBXFileReference; lastKnownFileType = sourcecode.swift; path = DayView.swift; sourceTree = "<group>"; };
		CD71A2A72ACAD60F00E0F09E /* DateObservableObject.swift */ = {isa = PBXFileReference; lastKnownFileType = sourcecode.swift; path = DateObservableObject.swift; sourceTree = "<group>"; };
		CD7B34B72AD3F2180060B4BB /* ENUMs.swift */ = {isa = PBXFileReference; lastKnownFileType = sourcecode.swift; path = ENUMs.swift; sourceTree = "<group>"; };
		CD8067D92AC1B0AB00A1ECC5 /* DateFunctions.swift */ = {isa = PBXFileReference; lastKnownFileType = sourcecode.swift; path = DateFunctions.swift; sourceTree = "<group>"; };
		CD9643392ABBF26200A1D990 /* Main.xcdatamodel */ = {isa = PBXFileReference; lastKnownFileType = wrapper.xcdatamodel; path = Main.xcdatamodel; sourceTree = "<group>"; };
		CD96433B2ABBF85400A1D990 /* DataControllerCoreData.swift */ = {isa = PBXFileReference; lastKnownFileType = sourcecode.swift; path = DataControllerCoreData.swift; sourceTree = "<group>"; };
		CD96433D2ABC129000A1D990 /* DayEventTile.swift */ = {isa = PBXFileReference; lastKnownFileType = sourcecode.swift; path = DayEventTile.swift; sourceTree = "<group>"; };
		CDB6BC7E2A8F3654009A05F7 /* CustomDatePicker.swift */ = {isa = PBXFileReference; lastKnownFileType = sourcecode.swift; path = CustomDatePicker.swift; sourceTree = "<group>"; };
		CDB723432A98E03400876D79 /* RadialLayout.swift */ = {isa = PBXFileReference; lastKnownFileType = sourcecode.swift; path = RadialLayout.swift; sourceTree = "<group>"; };
		CDCB4CD62AC3948C006F1F05 /* DayFilteredList.swift */ = {isa = PBXFileReference; lastKnownFileType = sourcecode.swift; path = DayFilteredList.swift; sourceTree = "<group>"; };
/* End PBXFileReference section */

/* Begin PBXFrameworksBuildPhase section */
		A83AC5202ADB5C6700FB50C6 /* Frameworks */ = {
			isa = PBXFrameworksBuildPhase;
			buildActionMask = 2147483647;
			files = (
				A83AC5252ADB5C6700FB50C6 /* SwiftUI.framework in Frameworks */,
				A83AC5242ADB5C6700FB50C6 /* WidgetKit.framework in Frameworks */,
			);
			runOnlyForDeploymentPostprocessing = 0;
		};
		CD1745782A80D0DA00294186 /* Frameworks */ = {
			isa = PBXFrameworksBuildPhase;
			buildActionMask = 2147483647;
			files = (
				CD71A2A02ACA99C500E0F09E /* Algorithms in Frameworks */,
				A8A03B002A930336003EF9B9 /* SwiftUIReorderableForEach in Frameworks */,
			);
			runOnlyForDeploymentPostprocessing = 0;
		};
/* End PBXFrameworksBuildPhase section */

/* Begin PBXGroup section */
		A83AC5062ADB5C2900FB50C6 /* Frameworks */ = {
			isa = PBXGroup;
			children = (
				A83AC5072ADB5C2900FB50C6 /* WidgetKit.framework */,
				A83AC5092ADB5C2900FB50C6 /* SwiftUI.framework */,
			);
			name = Frameworks;
			sourceTree = "<group>";
		};
		A83AC5262ADB5C6700FB50C6 /* a2-s3407778-widget */ = {
			isa = PBXGroup;
			children = (
				A83AC5272ADB5C6700FB50C6 /* a2_s3407778_widgetBundle.swift */,
				A83AC5292ADB5C6700FB50C6 /* a2_s3407778_widgetLiveActivity.swift */,
				A83AC52B2ADB5C6700FB50C6 /* a2_s3407778_widget.swift */,
				A83AC52D2ADB5C6700FB50C6 /* a2_s3407778_widget.intentdefinition */,
				A83AC52E2ADB5C6900FB50C6 /* Assets.xcassets */,
				A83AC5302ADB5C6900FB50C6 /* Info.plist */,
			);
			path = "a2-s3407778-widget";
			sourceTree = "<group>";
		};
		A841AF432A89C74300EE109B /* Views */ = {
			isa = PBXGroup;
			children = (
				A8D446E02A9B04A800F77403 /* Sheets */,
				CDB723422A98E01600876D79 /* Custom Layout */,
				A841AF4A2A89CC3200EE109B /* ShoppingView.swift */,
				CD6ED8EE2A8A458A00FD6A25 /* DayView.swift */,
				A8C6F4702A8EF88300ACC6C4 /* WeekPlannerView.swift */,
				A8A03B012A930521003EF9B9 /* Components */,
			);
			path = Views;
			sourceTree = "<group>";
		};
		A87F08B32AD92505003D76F5 /* Subviews */ = {
			isa = PBXGroup;
			children = (
				A8A03AFC2A91E5A2003EF9B9 /* NewFoodView.swift */,
				A8C6F4782A8F143E00ACC6C4 /* SearchFoodView.swift */,
				A8C6F4762A8F0E6500ACC6C4 /* EditFoodView.swift */,
			);
			path = Subviews;
			sourceTree = "<group>";
		};
		A8A03B012A930521003EF9B9 /* Components */ = {
			isa = PBXGroup;
			children = (
				CDCB4CD92AC39E69006F1F05 /* WeekViewComponents */,
				CDCB4CD82AC39E52006F1F05 /* DayViewComponents */,
			);
			path = Components;
			sourceTree = "<group>";
		};
		A8D446E02A9B04A800F77403 /* Sheets */ = {
			isa = PBXGroup;
			children = (
				A87F08B32AD92505003D76F5 /* Subviews */,
				A8A03B0C2A9307CE003EF9B9 /* NewMealSheet.swift */,
				A83880342AD3E73900C4FB77 /* MealFromArchiveSheet.swift */,
				A83880302AD3E70200C4FB77 /* NewShoppingTripSheet.swift */,
				A83880322AD3E70F00C4FB77 /* NewOtherEventSheet.swift */,
			);
			path = Sheets;
			sourceTree = "<group>";
		};
		CD1745722A80D0DA00294186 = {
			isa = PBXGroup;
			children = (
				A887FC902ADB7DA5001B58BE /* a2-s3407778-widgetExtension.entitlements */,
				A887FC8F2ADB7D58001B58BE /* a2-s3407778.entitlements */,
				CD17457D2A80D0DA00294186 /* a2s3407778 */,
				A83AC5262ADB5C6700FB50C6 /* a2-s3407778-widget */,
				A83AC5062ADB5C2900FB50C6 /* Frameworks */,
				CD17457C2A80D0DA00294186 /* Products */,
			);
			sourceTree = "<group>";
		};
		CD17457C2A80D0DA00294186 /* Products */ = {
			isa = PBXGroup;
			children = (
				CD17457B2A80D0DA00294186 /* a2-s3407778.app */,
				A83AC5232ADB5C6700FB50C6 /* a2-s3407778-widgetExtension.appex */,
			);
			name = Products;
			sourceTree = "<group>";
		};
		CD17457D2A80D0DA00294186 /* a2s3407778 */ = {
			isa = PBXGroup;
			children = (
				CD31540F2A974D1800CE461F /* Info.plist */,
				CD8067D82AC1B09000A1ECC5 /* Helpers */,
				CD6ED8F02A8A473400FD6A25 /* Model */,
				A841AF432A89C74300EE109B /* Views */,
				CD17457E2A80D0DA00294186 /* a1s3407778App.swift */,
				CD1745802A80D0DA00294186 /* ContentView.swift */,
				CD1745822A80D0DB00294186 /* Assets.xcassets */,
				CD1745842A80D0DB00294186 /* Preview Content */,
				A83AC4FE2ADB57D800FB50C6 /* SpoonacularAPI-Info.plist */,
			);
			path = a2s3407778;
			sourceTree = "<group>";
		};
		CD1745842A80D0DB00294186 /* Preview Content */ = {
			isa = PBXGroup;
			children = (
				CD1745852A80D0DB00294186 /* Preview Assets.xcassets */,
			);
			path = "Preview Content";
			sourceTree = "<group>";
		};
		CD6ED8F02A8A473400FD6A25 /* Model */ = {
			isa = PBXGroup;
			children = (
				A838803A2AD4C77E00C4FB77 /* EventCore+CoreDataClass.swift */,
				A838803B2AD4C77E00C4FB77 /* EventCore+CoreDataProperties.swift */,
				A838803C2AD4C77E00C4FB77 /* ShoppingItemCore+CoreDataClass.swift */,
				A838803D2AD4C77E00C4FB77 /* ShoppingItemCore+CoreDataProperties.swift */,
				CD9643382ABBF26200A1D990 /* Main.xcdatamodeld */,
				CD96433B2ABBF85400A1D990 /* DataControllerCoreData.swift */,
				CD202ABF2AC2B4F000425AC0 /* Persistence.swift */,
				CD71A2A72ACAD60F00E0F09E /* DateObservableObject.swift */,
				CD7B34B72AD3F2180060B4BB /* ENUMs.swift */,
			);
			path = Model;
			sourceTree = "<group>";
		};
		CD8067D82AC1B09000A1ECC5 /* Helpers */ = {
			isa = PBXGroup;
			children = (
				A87F08B42AD93193003D76F5 /* ButtonPressAction.swift */,
				CD8067D92AC1B0AB00A1ECC5 /* DateFunctions.swift */,
			);
			path = Helpers;
			sourceTree = "<group>";
		};
		CDB723422A98E01600876D79 /* Custom Layout */ = {
			isa = PBXGroup;
			children = (
				A838802B2AD3DB3600C4FB77 /* CustomMenu.swift */,
				A8A03B042A930575003EF9B9 /* PlusButton.swift */,
				A838802D2AD3DC3200C4FB77 /* AnimationOverlay.swift */,
				CDB723432A98E03400876D79 /* RadialLayout.swift */,
				A8D446E12A9B13DF00F77403 /* Bubble.swift */,
				C4F8CD21AC6ADFD6C9153CEB /* InitialLayout.swift */,
			);
			path = "Custom Layout";
			sourceTree = "<group>";
		};
		CDCB4CD82AC39E52006F1F05 /* DayViewComponents */ = {
			isa = PBXGroup;
			children = (
				CDCB4CD62AC3948C006F1F05 /* DayFilteredList.swift */,
				CDB6BC7E2A8F3654009A05F7 /* CustomDatePicker.swift */,
				CD96433D2ABC129000A1D990 /* DayEventTile.swift */,
			);
			path = DayViewComponents;
			sourceTree = "<group>";
		};
		CDCB4CD92AC39E69006F1F05 /* WeekViewComponents */ = {
			isa = PBXGroup;
			children = (
				A8A03B022A93054B003EF9B9 /* WeekEventCard.swift */,
				A83AC4FC2ADABC1E00FB50C6 /* DropEventZone.swift */,
				A8A03B062A9305AC003EF9B9 /* WeekDayEntry.swift */,
			);
			path = WeekViewComponents;
			sourceTree = "<group>";
		};
/* End PBXGroup section */

/* Begin PBXNativeTarget section */
		A83AC5222ADB5C6700FB50C6 /* a2-s3407778-widgetExtension */ = {
			isa = PBXNativeTarget;
			buildConfigurationList = A83AC5362ADB5C6900FB50C6 /* Build configuration list for PBXNativeTarget "a2-s3407778-widgetExtension" */;
			buildPhases = (
				A83AC51F2ADB5C6700FB50C6 /* Sources */,
				A83AC5202ADB5C6700FB50C6 /* Frameworks */,
				A83AC5212ADB5C6700FB50C6 /* Resources */,
			);
			buildRules = (
			);
			dependencies = (
			);
			name = "a2-s3407778-widgetExtension";
			productName = "a2-s3407778-widgetExtension";
			productReference = A83AC5232ADB5C6700FB50C6 /* a2-s3407778-widgetExtension.appex */;
			productType = "com.apple.product-type.app-extension";
		};
		CD17457A2A80D0DA00294186 /* a2-s3407778 */ = {
			isa = PBXNativeTarget;
			buildConfigurationList = CD1745892A80D0DB00294186 /* Build configuration list for PBXNativeTarget "a2-s3407778" */;
			buildPhases = (
				CD1745772A80D0DA00294186 /* Sources */,
				CD1745782A80D0DA00294186 /* Frameworks */,
				CD1745792A80D0DA00294186 /* Resources */,
				A83AC51E2ADB5C2B00FB50C6 /* Embed Foundation Extensions */,
			);
			buildRules = (
			);
			dependencies = (
				A83AC5342ADB5C6900FB50C6 /* PBXTargetDependency */,
			);
			name = "a2-s3407778";
			packageProductDependencies = (
				A8A03AFF2A930336003EF9B9 /* SwiftUIReorderableForEach */,
				74140E67286313DAF1079CDF /* Algorithms */,
			);
			productName = a1s3407778;
			productReference = CD17457B2A80D0DA00294186 /* a2-s3407778.app */;
			productType = "com.apple.product-type.application";
		};
/* End PBXNativeTarget section */

/* Begin PBXProject section */
		CD1745732A80D0DA00294186 /* Project object */ = {
			isa = PBXProject;
			attributes = {
				BuildIndependentTargetsInParallel = 1;
				LastSwiftUpdateCheck = 1430;
				LastUpgradeCheck = 1400;
				TargetAttributes = {
					A83AC5222ADB5C6700FB50C6 = {
						CreatedOnToolsVersion = 14.3.1;
					};
					CD17457A2A80D0DA00294186 = {
						CreatedOnToolsVersion = 14.0.1;
					};
				};
			};
			buildConfigurationList = CD1745762A80D0DA00294186 /* Build configuration list for PBXProject "a2-s3407778" */;
			compatibilityVersion = "Xcode 14.0";
			developmentRegion = en;
			hasScannedForEncodings = 0;
			knownRegions = (
				en,
				Base,
			);
			mainGroup = CD1745722A80D0DA00294186;
			packageReferences = (
				A8A03AFE2A930336003EF9B9 /* XCRemoteSwiftPackageReference "swiftui-reorderable-foreach" */,
				18BE89679E2A64710E58EBB8 /* XCRemoteSwiftPackageReference "swift-algorithms" */,
			);
			productRefGroup = CD17457C2A80D0DA00294186 /* Products */;
			projectDirPath = "";
			projectRoot = "";
			targets = (
				CD17457A2A80D0DA00294186 /* a2-s3407778 */,
				A83AC5222ADB5C6700FB50C6 /* a2-s3407778-widgetExtension */,
			);
		};
/* End PBXProject section */

/* Begin PBXResourcesBuildPhase section */
		A83AC5212ADB5C6700FB50C6 /* Resources */ = {
			isa = PBXResourcesBuildPhase;
			buildActionMask = 2147483647;
			files = (
				A83AC52F2ADB5C6900FB50C6 /* Assets.xcassets in Resources */,
			);
			runOnlyForDeploymentPostprocessing = 0;
		};
		CD1745792A80D0DA00294186 /* Resources */ = {
			isa = PBXResourcesBuildPhase;
			buildActionMask = 2147483647;
			files = (
				CD1745862A80D0DB00294186 /* Preview Assets.xcassets in Resources */,
				A83AC4FF2ADB57D800FB50C6 /* SpoonacularAPI-Info.plist in Resources */,
				CD1745832A80D0DB00294186 /* Assets.xcassets in Resources */,
			);
			runOnlyForDeploymentPostprocessing = 0;
		};
/* End PBXResourcesBuildPhase section */

/* Begin PBXSourcesBuildPhase section */
		A83AC51F2ADB5C6700FB50C6 /* Sources */ = {
			isa = PBXSourcesBuildPhase;
			buildActionMask = 2147483647;
			files = (
				A83AC5312ADB5C6900FB50C6 /* a2_s3407778_widget.intentdefinition in Sources */,
				A83AC52A2ADB5C6700FB50C6 /* a2_s3407778_widgetLiveActivity.swift in Sources */,
				A83AC52C2ADB5C6700FB50C6 /* a2_s3407778_widget.swift in Sources */,
				A83AC5282ADB5C6700FB50C6 /* a2_s3407778_widgetBundle.swift in Sources */,
			);
			runOnlyForDeploymentPostprocessing = 0;
		};
		CD1745772A80D0DA00294186 /* Sources */ = {
			isa = PBXSourcesBuildPhase;
			buildActionMask = 2147483647;
			files = (
				A8C6F4792A8F143E00ACC6C4 /* SearchFoodView.swift in Sources */,
				CD6ED8EF2A8A458B00FD6A25 /* DayView.swift in Sources */,
				CD1745812A80D0DA00294186 /* ContentView.swift in Sources */,
				A8C6F4772A8F0E6500ACC6C4 /* EditFoodView.swift in Sources */,
				A841AF4B2A89CC3200EE109B /* ShoppingView.swift in Sources */,
				CD96433C2ABBF85400A1D990 /* DataControllerCoreData.swift in Sources */,
				A83AC4FD2ADABC1E00FB50C6 /* DropEventZone.swift in Sources */,
				CD71A2A82ACAD60F00E0F09E /* DateObservableObject.swift in Sources */,
				A83880352AD3E73900C4FB77 /* MealFromArchiveSheet.swift in Sources */,
				CD17457F2A80D0DA00294186 /* a1s3407778App.swift in Sources */,
				A8A03B0D2A9307CE003EF9B9 /* NewMealSheet.swift in Sources */,
				A83880312AD3E70200C4FB77 /* NewShoppingTripSheet.swift in Sources */,
				CDB723442A98E03400876D79 /* RadialLayout.swift in Sources */,
				A83880402AD4C77E00C4FB77 /* ShoppingItemCore+CoreDataClass.swift in Sources */,
				A838803E2AD4C77E00C4FB77 /* EventCore+CoreDataClass.swift in Sources */,
				A8D446E22A9B13DF00F77403 /* Bubble.swift in Sources */,
				A83880332AD3E70F00C4FB77 /* NewOtherEventSheet.swift in Sources */,
				A8A03B052A930575003EF9B9 /* PlusButton.swift in Sources */,
				A838802C2AD3DB3600C4FB77 /* CustomMenu.swift in Sources */,
				A8A03B072A9305AC003EF9B9 /* WeekDayEntry.swift in Sources */,
				A83AC5322ADB5C6900FB50C6 /* a2_s3407778_widget.intentdefinition in Sources */,
				A83880412AD4C77E00C4FB77 /* ShoppingItemCore+CoreDataProperties.swift in Sources */,
				CD8067DA2AC1B0AB00A1ECC5 /* DateFunctions.swift in Sources */,
				A87F08B52AD93193003D76F5 /* ButtonPressAction.swift in Sources */,
				CDCB4CD72AC3948C006F1F05 /* DayFilteredList.swift in Sources */,
				CD96433E2ABC129000A1D990 /* DayEventTile.swift in Sources */,
				A8A03B032A93054B003EF9B9 /* WeekEventCard.swift in Sources */,
				A8C6F4712A8EF88300ACC6C4 /* WeekPlannerView.swift in Sources */,
				CD7B34B82AD3F2180060B4BB /* ENUMs.swift in Sources */,
				A838802E2AD3DC3200C4FB77 /* AnimationOverlay.swift in Sources */,
				A838803F2AD4C77E00C4FB77 /* EventCore+CoreDataProperties.swift in Sources */,
				CD96433A2ABBF26200A1D990 /* Main.xcdatamodeld in Sources */,
				A8A03AFD2A91E5A2003EF9B9 /* NewFoodView.swift in Sources */,
				CDB6BC7F2A8F3654009A05F7 /* CustomDatePicker.swift in Sources */,
				CD202AC02AC2B4F000425AC0 /* Persistence.swift in Sources */,
				6C270EE131D53489DA12FB3A /* InitialLayout.swift in Sources */,
			);
			runOnlyForDeploymentPostprocessing = 0;
		};
/* End PBXSourcesBuildPhase section */

/* Begin PBXTargetDependency section */
		A83AC5342ADB5C6900FB50C6 /* PBXTargetDependency */ = {
			isa = PBXTargetDependency;
			target = A83AC5222ADB5C6700FB50C6 /* a2-s3407778-widgetExtension */;
			targetProxy = A83AC5332ADB5C6900FB50C6 /* PBXContainerItemProxy */;
		};
/* End PBXTargetDependency section */

/* Begin XCBuildConfiguration section */
		A83AC5372ADB5C6900FB50C6 /* Debug */ = {
			isa = XCBuildConfiguration;
			buildSettings = {
				ASSETCATALOG_COMPILER_GLOBAL_ACCENT_COLOR_NAME = AccentColor;
				ASSETCATALOG_COMPILER_WIDGET_BACKGROUND_COLOR_NAME = WidgetBackground;
				CODE_SIGN_ENTITLEMENTS = "a2-s3407778-widgetExtension.entitlements";
				CODE_SIGN_STYLE = Automatic;
				CURRENT_PROJECT_VERSION = 1;
				DEVELOPMENT_TEAM = Q22YDM2KVH;
				GENERATE_INFOPLIST_FILE = YES;
				INFOPLIST_FILE = "a2-s3407778-widget/Info.plist";
				INFOPLIST_KEY_CFBundleDisplayName = "a2-s3407778-widget";
				INFOPLIST_KEY_NSHumanReadableCopyright = "";
				IPHONEOS_DEPLOYMENT_TARGET = 16.4;
				LD_RUNPATH_SEARCH_PATHS = (
					"$(inherited)",
					"@executable_path/Frameworks",
					"@executable_path/../../Frameworks",
				);
				MARKETING_VERSION = 1.0;
				PRODUCT_BUNDLE_IDENTIFIER = "com.charlieblyton.a2s3407778.a2-s3407778-widget";
				PRODUCT_NAME = "$(TARGET_NAME)";
				SKIP_INSTALL = YES;
				SWIFT_EMIT_LOC_STRINGS = YES;
				SWIFT_VERSION = 5.0;
				TARGETED_DEVICE_FAMILY = "1,2";
			};
			name = Debug;
		};
		A83AC5382ADB5C6900FB50C6 /* Release */ = {
			isa = XCBuildConfiguration;
			buildSettings = {
				ASSETCATALOG_COMPILER_GLOBAL_ACCENT_COLOR_NAME = AccentColor;
				ASSETCATALOG_COMPILER_WIDGET_BACKGROUND_COLOR_NAME = WidgetBackground;
				CODE_SIGN_ENTITLEMENTS = "a2-s3407778-widgetExtension.entitlements";
				CODE_SIGN_STYLE = Automatic;
				CURRENT_PROJECT_VERSION = 1;
				DEVELOPMENT_TEAM = Q22YDM2KVH;
				GENERATE_INFOPLIST_FILE = YES;
				INFOPLIST_FILE = "a2-s3407778-widget/Info.plist";
				INFOPLIST_KEY_CFBundleDisplayName = "a2-s3407778-widget";
				INFOPLIST_KEY_NSHumanReadableCopyright = "";
				IPHONEOS_DEPLOYMENT_TARGET = 16.4;
				LD_RUNPATH_SEARCH_PATHS = (
					"$(inherited)",
					"@executable_path/Frameworks",
					"@executable_path/../../Frameworks",
				);
				MARKETING_VERSION = 1.0;
				PRODUCT_BUNDLE_IDENTIFIER = "com.charlieblyton.a2s3407778.a2-s3407778-widget";
				PRODUCT_NAME = "$(TARGET_NAME)";
				SKIP_INSTALL = YES;
				SWIFT_EMIT_LOC_STRINGS = YES;
				SWIFT_VERSION = 5.0;
				TARGETED_DEVICE_FAMILY = "1,2";
			};
			name = Release;
		};
		CD1745872A80D0DB00294186 /* Debug */ = {
			isa = XCBuildConfiguration;
			buildSettings = {
				ALWAYS_SEARCH_USER_PATHS = NO;
				CLANG_ANALYZER_NONNULL = YES;
				CLANG_ANALYZER_NUMBER_OBJECT_CONVERSION = YES_AGGRESSIVE;
				CLANG_CXX_LANGUAGE_STANDARD = "gnu++20";
				CLANG_ENABLE_MODULES = YES;
				CLANG_ENABLE_OBJC_ARC = YES;
				CLANG_ENABLE_OBJC_WEAK = YES;
				CLANG_WARN_BLOCK_CAPTURE_AUTORELEASING = YES;
				CLANG_WARN_BOOL_CONVERSION = YES;
				CLANG_WARN_COMMA = YES;
				CLANG_WARN_CONSTANT_CONVERSION = YES;
				CLANG_WARN_DEPRECATED_OBJC_IMPLEMENTATIONS = YES;
				CLANG_WARN_DIRECT_OBJC_ISA_USAGE = YES_ERROR;
				CLANG_WARN_DOCUMENTATION_COMMENTS = YES;
				CLANG_WARN_EMPTY_BODY = YES;
				CLANG_WARN_ENUM_CONVERSION = YES;
				CLANG_WARN_INFINITE_RECURSION = YES;
				CLANG_WARN_INT_CONVERSION = YES;
				CLANG_WARN_NON_LITERAL_NULL_CONVERSION = YES;
				CLANG_WARN_OBJC_IMPLICIT_RETAIN_SELF = YES;
				CLANG_WARN_OBJC_LITERAL_CONVERSION = YES;
				CLANG_WARN_OBJC_ROOT_CLASS = YES_ERROR;
				CLANG_WARN_QUOTED_INCLUDE_IN_FRAMEWORK_HEADER = YES;
				CLANG_WARN_RANGE_LOOP_ANALYSIS = YES;
				CLANG_WARN_STRICT_PROTOTYPES = YES;
				CLANG_WARN_SUSPICIOUS_MOVE = YES;
				CLANG_WARN_UNGUARDED_AVAILABILITY = YES_AGGRESSIVE;
				CLANG_WARN_UNREACHABLE_CODE = YES;
				CLANG_WARN__DUPLICATE_METHOD_MATCH = YES;
				COPY_PHASE_STRIP = NO;
				DEBUG_INFORMATION_FORMAT = dwarf;
				ENABLE_STRICT_OBJC_MSGSEND = YES;
				ENABLE_TESTABILITY = YES;
				GCC_C_LANGUAGE_STANDARD = gnu11;
				GCC_DYNAMIC_NO_PIC = NO;
				GCC_NO_COMMON_BLOCKS = YES;
				GCC_OPTIMIZATION_LEVEL = 0;
				GCC_PREPROCESSOR_DEFINITIONS = (
					"DEBUG=1",
					"$(inherited)",
				);
				GCC_WARN_64_TO_32_BIT_CONVERSION = YES;
				GCC_WARN_ABOUT_RETURN_TYPE = YES_ERROR;
				GCC_WARN_UNDECLARED_SELECTOR = YES;
				GCC_WARN_UNINITIALIZED_AUTOS = YES_AGGRESSIVE;
				GCC_WARN_UNUSED_FUNCTION = YES;
				GCC_WARN_UNUSED_VARIABLE = YES;
				IPHONEOS_DEPLOYMENT_TARGET = 16.0;
				MTL_ENABLE_DEBUG_INFO = INCLUDE_SOURCE;
				MTL_FAST_MATH = YES;
				ONLY_ACTIVE_ARCH = YES;
				RUN_DOCUMENTATION_COMPILER = YES;
				SDKROOT = iphoneos;
				SWIFT_ACTIVE_COMPILATION_CONDITIONS = DEBUG;
				SWIFT_OPTIMIZATION_LEVEL = "-Onone";
			};
			name = Debug;
		};
		CD1745882A80D0DB00294186 /* Release */ = {
			isa = XCBuildConfiguration;
			buildSettings = {
				ALWAYS_SEARCH_USER_PATHS = NO;
				CLANG_ANALYZER_NONNULL = YES;
				CLANG_ANALYZER_NUMBER_OBJECT_CONVERSION = YES_AGGRESSIVE;
				CLANG_CXX_LANGUAGE_STANDARD = "gnu++20";
				CLANG_ENABLE_MODULES = YES;
				CLANG_ENABLE_OBJC_ARC = YES;
				CLANG_ENABLE_OBJC_WEAK = YES;
				CLANG_WARN_BLOCK_CAPTURE_AUTORELEASING = YES;
				CLANG_WARN_BOOL_CONVERSION = YES;
				CLANG_WARN_COMMA = YES;
				CLANG_WARN_CONSTANT_CONVERSION = YES;
				CLANG_WARN_DEPRECATED_OBJC_IMPLEMENTATIONS = YES;
				CLANG_WARN_DIRECT_OBJC_ISA_USAGE = YES_ERROR;
				CLANG_WARN_DOCUMENTATION_COMMENTS = YES;
				CLANG_WARN_EMPTY_BODY = YES;
				CLANG_WARN_ENUM_CONVERSION = YES;
				CLANG_WARN_INFINITE_RECURSION = YES;
				CLANG_WARN_INT_CONVERSION = YES;
				CLANG_WARN_NON_LITERAL_NULL_CONVERSION = YES;
				CLANG_WARN_OBJC_IMPLICIT_RETAIN_SELF = YES;
				CLANG_WARN_OBJC_LITERAL_CONVERSION = YES;
				CLANG_WARN_OBJC_ROOT_CLASS = YES_ERROR;
				CLANG_WARN_QUOTED_INCLUDE_IN_FRAMEWORK_HEADER = YES;
				CLANG_WARN_RANGE_LOOP_ANALYSIS = YES;
				CLANG_WARN_STRICT_PROTOTYPES = YES;
				CLANG_WARN_SUSPICIOUS_MOVE = YES;
				CLANG_WARN_UNGUARDED_AVAILABILITY = YES_AGGRESSIVE;
				CLANG_WARN_UNREACHABLE_CODE = YES;
				CLANG_WARN__DUPLICATE_METHOD_MATCH = YES;
				COPY_PHASE_STRIP = NO;
				DEBUG_INFORMATION_FORMAT = "dwarf-with-dsym";
				ENABLE_NS_ASSERTIONS = NO;
				ENABLE_STRICT_OBJC_MSGSEND = YES;
				GCC_C_LANGUAGE_STANDARD = gnu11;
				GCC_NO_COMMON_BLOCKS = YES;
				GCC_WARN_64_TO_32_BIT_CONVERSION = YES;
				GCC_WARN_ABOUT_RETURN_TYPE = YES_ERROR;
				GCC_WARN_UNDECLARED_SELECTOR = YES;
				GCC_WARN_UNINITIALIZED_AUTOS = YES_AGGRESSIVE;
				GCC_WARN_UNUSED_FUNCTION = YES;
				GCC_WARN_UNUSED_VARIABLE = YES;
				IPHONEOS_DEPLOYMENT_TARGET = 16.0;
				MTL_ENABLE_DEBUG_INFO = NO;
				MTL_FAST_MATH = YES;
				RUN_DOCUMENTATION_COMPILER = YES;
				SDKROOT = iphoneos;
				SWIFT_COMPILATION_MODE = wholemodule;
				SWIFT_OPTIMIZATION_LEVEL = "-O";
				VALIDATE_PRODUCT = YES;
			};
			name = Release;
		};
		CD17458A2A80D0DB00294186 /* Debug */ = {
			isa = XCBuildConfiguration;
			buildSettings = {
				ALWAYS_EMBED_SWIFT_STANDARD_LIBRARIES = YES;
				ASSETCATALOG_COMPILER_APPICON_NAME = AppIcon;
				ASSETCATALOG_COMPILER_GLOBAL_ACCENT_COLOR_NAME = AccentColor;
				CODE_SIGN_ENTITLEMENTS = "a2-s3407778.entitlements";
				CODE_SIGN_STYLE = Automatic;
				CURRENT_PROJECT_VERSION = 1;
				DEVELOPMENT_ASSET_PATHS = "\"a2s3407778/Preview Content\"";
				DEVELOPMENT_TEAM = Q22YDM2KVH;
				ENABLE_PREVIEWS = YES;
				GENERATE_INFOPLIST_FILE = YES;
				INFOPLIST_FILE = a2s3407778/Info.plist;
				INFOPLIST_KEY_UIApplicationSceneManifest_Generation = YES;
				INFOPLIST_KEY_UIApplicationSupportsIndirectInputEvents = YES;
				INFOPLIST_KEY_UILaunchScreen_Generation = YES;
				INFOPLIST_KEY_UISupportedInterfaceOrientations_iPad = "UIInterfaceOrientationPortrait UIInterfaceOrientationPortraitUpsideDown UIInterfaceOrientationLandscapeLeft UIInterfaceOrientationLandscapeRight";
				INFOPLIST_KEY_UISupportedInterfaceOrientations_iPhone = "UIInterfaceOrientationPortrait UIInterfaceOrientationLandscapeLeft UIInterfaceOrientationLandscapeRight";
				LD_RUNPATH_SEARCH_PATHS = (
					"$(inherited)",
					"@executable_path/Frameworks",
				);
				MARKETING_VERSION = 1.0;
				PRODUCT_BUNDLE_IDENTIFIER = com.charlieblyton.a2s3407778;
				PRODUCT_NAME = "$(TARGET_NAME)";
				SWIFT_EMIT_LOC_STRINGS = YES;
				SWIFT_VERSION = 5.0;
				TARGETED_DEVICE_FAMILY = "1,2";
			};
			name = Debug;
		};
		CD17458B2A80D0DB00294186 /* Release */ = {
			isa = XCBuildConfiguration;
			buildSettings = {
				ALWAYS_EMBED_SWIFT_STANDARD_LIBRARIES = YES;
				ASSETCATALOG_COMPILER_APPICON_NAME = AppIcon;
				ASSETCATALOG_COMPILER_GLOBAL_ACCENT_COLOR_NAME = AccentColor;
				CODE_SIGN_ENTITLEMENTS = "a2-s3407778.entitlements";
				CODE_SIGN_STYLE = Automatic;
				CURRENT_PROJECT_VERSION = 1;
				DEVELOPMENT_ASSET_PATHS = "\"a2s3407778/Preview Content\"";
				DEVELOPMENT_TEAM = Q22YDM2KVH;
				ENABLE_PREVIEWS = YES;
				GENERATE_INFOPLIST_FILE = YES;
				INFOPLIST_FILE = a2s3407778/Info.plist;
				INFOPLIST_KEY_UIApplicationSceneManifest_Generation = YES;
				INFOPLIST_KEY_UIApplicationSupportsIndirectInputEvents = YES;
				INFOPLIST_KEY_UILaunchScreen_Generation = YES;
				INFOPLIST_KEY_UISupportedInterfaceOrientations_iPad = "UIInterfaceOrientationPortrait UIInterfaceOrientationPortraitUpsideDown UIInterfaceOrientationLandscapeLeft UIInterfaceOrientationLandscapeRight";
				INFOPLIST_KEY_UISupportedInterfaceOrientations_iPhone = "UIInterfaceOrientationPortrait UIInterfaceOrientationLandscapeLeft UIInterfaceOrientationLandscapeRight";
				LD_RUNPATH_SEARCH_PATHS = (
					"$(inherited)",
					"@executable_path/Frameworks",
				);
				MARKETING_VERSION = 1.0;
				PRODUCT_BUNDLE_IDENTIFIER = com.charlieblyton.a2s3407778;
				PRODUCT_NAME = "$(TARGET_NAME)";
				SWIFT_EMIT_LOC_STRINGS = YES;
				SWIFT_VERSION = 5.0;
				TARGETED_DEVICE_FAMILY = "1,2";
			};
			name = Release;
		};
/* End XCBuildConfiguration section */

/* Begin XCConfigurationList section */
		A83AC5362ADB5C6900FB50C6 /* Build configuration list for PBXNativeTarget "a2-s3407778-widgetExtension" */ = {
			isa = XCConfigurationList;
			buildConfigurations = (
				A83AC5372ADB5C6900FB50C6 /* Debug */,
				A83AC5382ADB5C6900FB50C6 /* Release */,
			);
			defaultConfigurationIsVisible = 0;
			defaultConfigurationName = Release;
		};
		CD1745762A80D0DA00294186 /* Build configuration list for PBXProject "a2-s3407778" */ = {
			isa = XCConfigurationList;
			buildConfigurations = (
				CD1745872A80D0DB00294186 /* Debug */,
				CD1745882A80D0DB00294186 /* Release */,
			);
			defaultConfigurationIsVisible = 0;
			defaultConfigurationName = Release;
		};
		CD1745892A80D0DB00294186 /* Build configuration list for PBXNativeTarget "a2-s3407778" */ = {
			isa = XCConfigurationList;
			buildConfigurations = (
				CD17458A2A80D0DB00294186 /* Debug */,
				CD17458B2A80D0DB00294186 /* Release */,
			);
			defaultConfigurationIsVisible = 0;
			defaultConfigurationName = Release;
		};
/* End XCConfigurationList section */

/* Begin XCRemoteSwiftPackageReference section */
		18BE89679E2A64710E58EBB8 /* XCRemoteSwiftPackageReference "swift-algorithms" */ = {
			isa = XCRemoteSwiftPackageReference;
			repositoryURL = "https://github.com/apple/swift-algorithms.git";
			requirement = {
				kind = upToNextMajorVersion;
				minimumVersion = 1.0.0;
			};
		};
		A8A03AFE2A930336003EF9B9 /* XCRemoteSwiftPackageReference "swiftui-reorderable-foreach" */ = {
			isa = XCRemoteSwiftPackageReference;
			repositoryURL = "https://github.com/globulus/swiftui-reorderable-foreach";
			requirement = {
				kind = upToNextMajorVersion;
				minimumVersion = 1.0.0;
			};
		};
		DEC6585FA4BA743C219E6845 /* XCRemoteSwiftPackageReference "swift-algorithms" */ = {
			isa = XCRemoteSwiftPackageReference;
			repositoryURL = "https://github.com/apple/swift-algorithms.git";
			requirement = {
				kind = upToNextMajorVersion;
				minimumVersion = 1.0.0;
			};
		};
/* End XCRemoteSwiftPackageReference section */

/* Begin XCSwiftPackageProductDependency section */
		74140E67286313DAF1079CDF /* Algorithms */ = {
			isa = XCSwiftPackageProductDependency;
			package = DEC6585FA4BA743C219E6845 /* XCRemoteSwiftPackageReference "swift-algorithms" */;
			productName = Algorithms;
		};
		A8A03AFF2A930336003EF9B9 /* SwiftUIReorderableForEach */ = {
			isa = XCSwiftPackageProductDependency;
			package = A8A03AFE2A930336003EF9B9 /* XCRemoteSwiftPackageReference "swiftui-reorderable-foreach" */;
			productName = SwiftUIReorderableForEach;
		};
/* End XCSwiftPackageProductDependency section */

/* Begin XCVersionGroup section */
		CD9643382ABBF26200A1D990 /* Main.xcdatamodeld */ = {
			isa = XCVersionGroup;
			children = (
				CD9643392ABBF26200A1D990 /* Main.xcdatamodel */,
			);
			currentVersion = CD9643392ABBF26200A1D990 /* Main.xcdatamodel */;
			path = Main.xcdatamodeld;
			sourceTree = "<group>";
			versionGroupType = wrapper.xcdatamodel;
		};
/* End XCVersionGroup section */
	};
	rootObject = CD1745732A80D0DA00294186 /* Project object */;
}
